
Microsoft Visual Studio Solution File, Format Version 12.00
# Visual Studio 15
VisualStudioVersion = 15.0.27428.2037
MinimumVisualStudioVersion = 10.0.40219.1
Project("{FAE04EC0-301F-11D3-BF4B-00C04F79EFBC}") = "XmlToCShape", "XmlToCShape\XmlToCShape.csproj", "{6EA70B26-5BBF-465B-A23C-1C5F617D43F8}"
EndProject
Global
	GlobalSection(SolutionConfigurationPlatforms) = preSolution
		Debug|Any CPU = Debug|Any CPU
		Release|Any CPU = Release|Any CPU
	EndGlobalSection
	GlobalSection(ProjectConfigurationPlatforms) = postSolution
		{6EA70B26-5BBF-465B-A23C-1C5F617D43F8}.Debug|Any CPU.ActiveCfg = Debug|Any CPU
		{6EA70B26-5BBF-465B-A23C-1C5F617D43F8}.Debug|Any CPU.Build.0 = Debug|Any CPU
		{6EA70B26-5BBF-465B-A23C-1C5F617D43F8}.Release|Any CPU.ActiveCfg = Release|Any CPU
		{6EA70B26-5BBF-465B-A23C-1C5F617D43F8}.Release|Any CPU.Build.0 = Release|Any CPU
	EndGlobalSection
	GlobalSection(SolutionProperties) = preSolution
		HideSolutionNode = FALSE
	EndGlobalSection
	GlobalSection(ExtensibilityGlobals) = postSolution
		SolutionGuid = {BDCE291C-F218-404F-9D71-16FD850BBAB2}
	EndGlobalSection
EndGlobal
